Microsoft Visual Studio Solution File, Format Version 12.00
# Visual Studio 2012
Project("{FAE04EC0-301F-11D3-BF4B-00C04F79EFBC}") = "Godot_P1_CardGame", "Godot_P1_CardGame.csproj", "{E492A78C-B424-43D2-9A22-C35BC8242E95}"
EndProject
Global
	GlobalSection(SolutionConfigurationPlatforms) = preSolution
	Debug|Any CPU = Debug|Any CPU
	ExportDebug|Any CPU = ExportDebug|Any CPU
	ExportRelease|Any CPU = ExportRelease|Any CPU
	EndGlobalSection
	GlobalSection(ProjectConfigurationPlatforms) = postSolution
		{E492A78C-B424-43D2-9A22-C35BC8242E95}.Debug|Any CPU.ActiveCfg = Debug|Any CPU
		{E492A78C-B424-43D2-9A22-C35BC8242E95}.Debug|Any CPU.Build.0 = Debug|Any CPU
		{E492A78C-B424-43D2-9A22-C35BC8242E95}.ExportDebug|Any CPU.ActiveCfg = ExportDebug|Any CPU
		{E492A78C-B424-43D2-9A22-C35BC8242E95}.ExportDebug|Any CPU.Build.0 = ExportDebug|Any CPU
		{E492A78C-B424-43D2-9A22-C35BC8242E95}.ExportRelease|Any CPU.ActiveCfg = ExportRelease|Any CPU
		{E492A78C-B424-43D2-9A22-C35BC8242E95}.ExportRelease|Any CPU.Build.0 = ExportRelease|Any CPU
	EndGlobalSection
EndGlobal
